
Microsoft Visual Studio Solution File, Format Version 12.00
# Visual Studio 15
VisualStudioVersion = 15.0.27703.2047
MinimumVisualStudioVersion = 10.0.40219.1
Project("{FAE04EC0-301F-11D3-BF4B-00C04F79EFBC}") = "Blockchain", "Blockchain\Blockchain.csproj", "{CF790222-F1A8-4632-80C5-468BEE15B548}"
EndProject
Project("{FAE04EC0-301F-11D3-BF4B-00C04F79EFBC}") = "BlockchainTests", "BlockchainTests\BlockchainTests.csproj", "{608A80C4-5C89-4537-8199-445F961A58F1}"
EndProject
Global
	GlobalSection(SolutionConfigurationPlatforms) = preSolution
		Debug|Any CPU = Debug|Any CPU
		Release|Any CPU = Release|Any CPU
	EndGlobalSection
	GlobalSection(ProjectConfigurationPlatforms) = postSolution
		{CF790222-F1A8-4632-80C5-468BEE15B548}.Debug|Any CPU.ActiveCfg = Debug|Any CPU
		{CF790222-F1A8-4632-80C5-468BEE15B548}.Debug|Any CPU.Build.0 = Debug|Any CPU
		{CF790222-F1A8-4632-80C5-468BEE15B548}.Release|Any CPU.ActiveCfg = Release|Any CPU
		{CF790222-F1A8-4632-80C5-468BEE15B548}.Release|Any CPU.Build.0 = Release|Any CPU
		{608A80C4-5C89-4537-8199-445F961A58F1}.Debug|Any CPU.ActiveCfg = Debug|Any CPU
		{608A80C4-5C89-4537-8199-445F961A58F1}.Debug|Any CPU.Build.0 = Debug|Any CPU
		{608A80C4-5C89-4537-8199-445F961A58F1}.Release|Any CPU.ActiveCfg = Release|Any CPU
		{608A80C4-5C89-4537-8199-445F961A58F1}.Release|Any CPU.Build.0 = Release|Any CPU
	EndGlobalSection
	GlobalSection(SolutionProperties) = preSolution
		HideSolutionNode = FALSE
	EndGlobalSection
	GlobalSection(ExtensibilityGlobals) = postSolution
		SolutionGuid = {4D428445-CFD1-4950-B050-52F524DCD9CA}
	EndGlobalSection
EndGlobal
